
Microsoft Visual Studio Solution File, Format Version 12.00
# Visual Studio Version 17
VisualStudioVersion = 17.11.35303.130
MinimumVisualStudioVersion = 10.0.40219.1
Project("{FAE04EC0-301F-11D3-BF4B-00C04F79EFBC}") = "Claims_Part_2", "Claims_Part_2\Claims_Part_2.csproj", "{191ABD9F-ABB8-445C-A582-8668BDFE66EB}"
EndProject
Global
	GlobalSection(SolutionConfigurationPlatforms) = preSolution
		Debug|Any CPU = Debug|Any CPU
		Release|Any CPU = Release|Any CPU
	EndGlobalSection
	GlobalSection(ProjectConfigurationPlatforms) = postSolution
		{191ABD9F-ABB8-445C-A582-8668BDFE66EB}.Debug|Any CPU.ActiveCfg = Debug|Any CPU
		{191ABD9F-ABB8-445C-A582-8668BDFE66EB}.Debug|Any CPU.Build.0 = Debug|Any CPU
		{191ABD9F-ABB8-445C-A582-8668BDFE66EB}.Release|Any CPU.ActiveCfg = Release|Any CPU
		{191ABD9F-ABB8-445C-A582-8668BDFE66EB}.Release|Any CPU.Build.0 = Release|Any CPU
	EndGlobalSection
	GlobalSection(SolutionProperties) = preSolution
		HideSolutionNode = FALSE
	EndGlobalSection
	GlobalSection(ExtensibilityGlobals) = postSolution
		SolutionGuid = {552044ED-4C9F-4045-9AD9-C23BE827FD0A}
	EndGlobalSection
EndGlobal
